# This file is autogenerated, do not edit; changes may be undone by the next 'dep ensure'.


[[projects]]
  branch = "master"
  digest = "1:1a165c1fa368cb911264218e09be8bd278cdc372b9913ac4f9edb88c10582a60"
  name = "github.com/adeaver/microservices-project"
  packages = ["util/alphavantage"]
  pruneopts = "UT"
  revision = "60c5c803910b3c5b481ba60c8fabc1b4da4648c9"

[solve-meta]
  analyzer-name = "dep"
  analyzer-version = 1
  input-imports = ["github.com/adeaver/microservices-project/util/alphavantage"]
  solver-name = "gps-cdcl"
  solver-version = 1
